# This file is automatically @generated by Poetry 1.4.0 and should not be changed by hand.

[[package]]
name = "poetry-test-lfs"
version = "0.1.0"
description = "Poetry package that contains a file stored with git-lfs."
category = "main"
optional = false
python-versions = "^3.8"
files = []
develop = false

[package.source]
type = "git"
url = "https://github.com/archtur/poetry-test-lfs.git"
reference = "HEAD"
resolved_reference = "7476d2ef957b727c7a5e54fe6c3911f5df7d1fcd"

[metadata]
lock-version = "2.0"
python-versions = "^3.8"
content-hash = "64f3ef3b46d1e215a6364e9241c7bb579017cd5ae4ed6ce982b07a34eb676686"
